// !$*UTF8*$!
{
	archiveVersion = 1;
	classes = {
	};
	objectVersion = 46;
	objects = {

/* Begin PBXBuildFile section */
		1E8084AC1D154D32008C06E3 /* ApacheMIMETypes.txt in Resources */ = {isa = PBXBuildFile; fileRef = 1E8084AB1D154D32008C06E3 /* ApacheMIMETypes.txt */; };
		1E8084B01D15516D008C06E3 /* DocumentWatcher.m in Sources */ = {isa = PBXBuildFile; fileRef = 1E8084AF1D15516D008C06E3 /* DocumentWatcher.m */; };
		4B1B88DC1D13974900EBF5A8 /* Assets.xcassets in Resources */ = {isa = PBXBuildFile; fileRef = 4B1B88DB1D13974900EBF5A8 /* Assets.xcassets */; };
		4B1B88DF1D13974900EBF5A8 /* LaunchScreen.storyboard in Resources */ = {isa = PBXBuildFile; fileRef = 4B1B88DD1D13974900EBF5A8 /* LaunchScreen.storyboard */; };
		4B1B88EB1D13979900EBF5A8 /* main.m in Sources */ = {isa = PBXBuildFile; fileRef = 4B1B88E61D13979900EBF5A8 /* main.m */; };
		4B1B88EC1D13979900EBF5A8 /* UIView+AutoLayout.m in Sources */ = {isa = PBXBuildFile; fileRef = 4B1B88E91D13979900EBF5A8 /* UIView+AutoLayout.m */; };
		4B1B88EF1D1397F200EBF5A8 /* TestBedViewController.m in Sources */ = {isa = PBXBuildFile; fileRef = 4B1B88EE1D1397F200EBF5A8 /* TestBedViewController.m */; };
		4B1B88F31D139E5D00EBF5A8 /* UTIHelper.m in Sources */ = {isa = PBXBuildFile; fileRef = 4B1B88F21D139E5D00EBF5A8 /* UTIHelper.m */; };
/* End PBXBuildFile section */

/* Begin PBXFileReference section */
		1E8084AB1D154D32008C06E3 /* ApacheMIMETypes.txt */ = {isa = PBXFileReference; fileEncoding = 4; lastKnownFileType = text; path = ApacheMIMETypes.txt; sourceTree = "<group>"; };
		1E8084AE1D15516D008C06E3 /* DocumentWatcher.h */ = {isa = PBXFileReference; fileEncoding = 4; lastKnownFileType = sourcecode.c.h; name = DocumentWatcher.h; path = DocumentWatcher/DocumentWatcher.h; sourceTree = "<group>"; };
		1E8084AF1D15516D008C06E3 /* DocumentWatcher.m */ = {isa = PBXFileReference; fileEncoding = 4; lastKnownFileType = sourcecode.c.objc; name = DocumentWatcher.m; path = DocumentWatcher/DocumentWatcher.m; sourceTree = "<group>"; };
		4B1B88CC1D13974900EBF5A8 /* Documents-C11.app */ = {isa = PBXFileReference; explicitFileType = wrapper.application; includeInIndex = 0; path = "Documents-C11.app"; sourceTree = BUILT_PRODUCTS_DIR; };
		4B1B88DB1D13974900EBF5A8 /* Assets.xcassets */ = {isa = PBXFileReference; lastKnownFileType = folder.assetcatalog; path = Assets.xcassets; sourceTree = "<group>"; };
		4B1B88DE1D13974900EBF5A8 /* Base */ = {isa = PBXFileReference; lastKnownFileType = file.storyboard; name = Base; path = Base.lproj/LaunchScreen.storyboard; sourceTree = "<group>"; };
		4B1B88E01D13974900EBF5A8 /* Info.plist */ = {isa = PBXFileReference; lastKnownFileType = text.plist.xml; path = Info.plist; sourceTree = "<group>"; };
		4B1B88E61D13979900EBF5A8 /* main.m */ = {isa = PBXFileReference; fileEncoding = 4; lastKnownFileType = sourcecode.c.objc; path = main.m; sourceTree = "<group>"; };
		4B1B88E81D13979900EBF5A8 /* UIView+AutoLayout.h */ = {isa = PBXFileReference; fileEncoding = 4; lastKnownFileType = sourcecode.c.h; path = "UIView+AutoLayout.h"; sourceTree = "<group>"; };
		4B1B88E91D13979900EBF5A8 /* UIView+AutoLayout.m */ = {isa = PBXFileReference; fileEncoding = 4; lastKnownFileType = sourcecode.c.objc; path = "UIView+AutoLayout.m"; sourceTree = "<group>"; };
		4B1B88EA1D13979900EBF5A8 /* Utility.h */ = {isa = PBXFileReference; fileEncoding = 4; lastKnownFileType = sourcecode.c.h; path = Utility.h; sourceTree = "<group>"; };
		4B1B88ED1D1397F200EBF5A8 /* TestBedViewController.h */ = {isa = PBXFileReference; fileEncoding = 4; lastKnownFileType = sourcecode.c.h; path = TestBedViewController.h; sourceTree = "<group>"; };
		4B1B88EE1D1397F200EBF5A8 /* TestBedViewController.m */ = {isa = PBXFileReference; fileEncoding = 4; lastKnownFileType = sourcecode.c.objc; path = TestBedViewController.m; sourceTree = "<group>"; };
		4B1B88F11D139E5D00EBF5A8 /* UTIHelper.h */ = {isa = PBXFileReference; fileEncoding = 4; lastKnownFileType = sourcecode.c.h; name = UTIHelper.h; path = UTIHelper/UTIHelper.h; sourceTree = "<group>"; };
		4B1B88F21D139E5D00EBF5A8 /* UTIHelper.m */ = {isa = PBXFileReference; fileEncoding = 4; lastKnownFileType = sourcecode.c.objc; name = UTIHelper.m; path = UTIHelper/UTIHelper.m; sourceTree = "<group>"; };
/* End PBXFileReference section */

/* Begin PBXFrameworksBuildPhase section */
		4B1B88C91D13974900EBF5A8 /* Frameworks */ = {
			isa = PBXFrameworksBuildPhase;
			buildActionMask = 2147483647;
			files = (
			);
			runOnlyForDeploymentPostprocessing = 0;
		};
/* End PBXFrameworksBuildPhase section */

/* Begin PBXGroup section */
		1E8084AD1D15513A008C06E3 /* DocumentWatcher */ = {
			isa = PBXGroup;
			children = (
				1E8084AE1D15516D008C06E3 /* DocumentWatcher.h */,
				1E8084AF1D15516D008C06E3 /* DocumentWatcher.m */,
			);
			name = DocumentWatcher;
			sourceTree = "<group>";
		};
		4B1B88C31D13974900EBF5A8 = {
			isa = PBXGroup;
			children = (
				4B1B88CE1D13974900EBF5A8 /* Documents-C11 */,
				4B1B88CD1D13974900EBF5A8 /* Products */,
			);
			sourceTree = "<group>";
		};
		4B1B88CD1D13974900EBF5A8 /* Products */ = {
			isa = PBXGroup;
			children = (
				4B1B88CC1D13974900EBF5A8 /* Documents-C11.app */,
			);
			name = Products;
			sourceTree = "<group>";
		};
		4B1B88CE1D13974900EBF5A8 /* Documents-C11 */ = {
			isa = PBXGroup;
			children = (
				1E8084AD1D15513A008C06E3 /* DocumentWatcher */,
				4B1B88F01D139D9200EBF5A8 /* UTIHelper */,
				4B1B88E71D13979900EBF5A8 /* UIView+AutoLayout */,
				4B1B88E61D13979900EBF5A8 /* main.m */,
				4B1B88ED1D1397F200EBF5A8 /* TestBedViewController.h */,
				4B1B88EE1D1397F200EBF5A8 /* TestBedViewController.m */,
				4B1B88EA1D13979900EBF5A8 /* Utility.h */,
				4B1B88DB1D13974900EBF5A8 /* Assets.xcassets */,
				4B1B88DD1D13974900EBF5A8 /* LaunchScreen.storyboard */,
				4B1B88E01D13974900EBF5A8 /* Info.plist */,
			);
			path = "Documents-C11";
			sourceTree = "<group>";
		};
		4B1B88E71D13979900EBF5A8 /* UIView+AutoLayout */ = {
			isa = PBXGroup;
			children = (
				4B1B88E81D13979900EBF5A8 /* UIView+AutoLayout.h */,
				4B1B88E91D13979900EBF5A8 /* UIView+AutoLayout.m */,
			);
			path = "UIView+AutoLayout";
			sourceTree = "<group>";
		};
		4B1B88F01D139D9200EBF5A8 /* UTIHelper */ = {
			isa = PBXGroup;
			children = (
				4B1B88F11D139E5D00EBF5A8 /* UTIHelper.h */,
				4B1B88F21D139E5D00EBF5A8 /* UTIHelper.m */,
				1E8084AB1D154D32008C06E3 /* ApacheMIMETypes.txt */,
			);
			name = UTIHelper;
			sourceTree = "<group>";
		};
/* End PBXGroup section */

/* Begin PBXNativeTarget section */
		4B1B88CB1D13974900EBF5A8 /* Documents-C11 */ = {
			isa = PBXNativeTarget;
			buildConfigurationList = 4B1B88E31D13974900EBF5A8 /* Build configuration list for PBXNativeTarget "Documents-C11" */;
			buildPhases = (
				4B1B88C81D13974900EBF5A8 /* Sources */,
				4B1B88C91D13974900EBF5A8 /* Frameworks */,
				4B1B88CA1D13974900EBF5A8 /* Resources */,
			);
			buildRules = (
			);
			dependencies = (
			);
			name = "Documents-C11";
			productName = "Documents-C11";
			productReference = 4B1B88CC1D13974900EBF5A8 /* Documents-C11.app */;
			productType = "com.apple.product-type.application";
		};
/* End PBXNativeTarget section */

/* Begin PBXProject section */
		4B1B88C41D13974900EBF5A8 /* Project object */ = {
			isa = PBXProject;
			attributes = {
				LastUpgradeCheck = 0730;
				ORGANIZATIONNAME = ZhangBaoGuo;
				TargetAttributes = {
					4B1B88CB1D13974900EBF5A8 = {
						CreatedOnToolsVersion = 7.3.1;
						DevelopmentTeam = RDB8YPHM72;
					};
				};
			};
			buildConfigurationList = 4B1B88C71D13974900EBF5A8 /* Build configuration list for PBXProject "Documents-C11" */;
			compatibilityVersion = "Xcode 3.2";
			developmentRegion = English;
			hasScannedForEncodings = 0;
			knownRegions = (
				en,
				Base,
			);
			mainGroup = 4B1B88C31D13974900EBF5A8;
			productRefGroup = 4B1B88CD1D13974900EBF5A8 /* Products */;
			projectDirPath = "";
			projectRoot = "";
			targets = (
				4B1B88CB1D13974900EBF5A8 /* Documents-C11 */,
			);
		};
/* End PBXProject section */

/* Begin PBXResourcesBuildPhase section */
		4B1B88CA1D13974900EBF5A8 /* Resources */ = {
			isa = PBXResourcesBuildPhase;
			buildActionMask = 2147483647;
			files = (
				1E8084AC1D154D32008C06E3 /* ApacheMIMETypes.txt in Resources */,
				4B1B88DF1D13974900EBF5A8 /* LaunchScreen.storyboard in Resources */,
				4B1B88DC1D13974900EBF5A8 /* Assets.xcassets in Resources */,
			);
			runOnlyForDeploymentPostprocessing = 0;
		};
/* End PBXResourcesBuildPhase section */

/* Begin PBXSourcesBuildPhase section */
		4B1B88C81D13974900EBF5A8 /* Sources */ = {
			isa = PBXSourcesBuildPhase;
			buildActionMask = 2147483647;
			files = (
				4B1B88F31D139E5D00EBF5A8 /* UTIHelper.m in Sources */,
				1E8084B01D15516D008C06E3 /* DocumentWatcher.m in Sources */,
				4B1B88EB1D13979900EBF5A8 /* main.m in Sources */,
				4B1B88EC1D13979900EBF5A8 /* UIView+AutoLayout.m in Sources */,
				4B1B88EF1D1397F200EBF5A8 /* TestBedViewController.m in Sources */,
			);
			runOnlyForDeploymentPostprocessing = 0;
		};
/* End PBXSourcesBuildPhase section */

/* Begin PBXVariantGroup section */
		4B1B88DD1D13974900EBF5A8 /* LaunchScreen.storyboard */ = {
			isa = PBXVariantGroup;
			children = (
				4B1B88DE1D13974900EBF5A8 /* Base */,
			);
			name = LaunchScreen.storyboard;
			sourceTree = "<group>";
		};
/* End PBXVariantGroup section */

/* Begin XCBuildConfiguration section */
		4B1B88E11D13974900EBF5A8 /* Debug */ = {
			isa = XCBuildConfiguration;
			buildSettings = {
				ALWAYS_SEARCH_USER_PATHS = NO;
				CLANG_ANALYZER_NONNULL = YES;
				CLANG_CXX_LANGUAGE_STANDARD = "gnu++0x";
				CLANG_CXX_LIBRARY = "libc++";
				CLANG_ENABLE_MODULES = YES;
				CLANG_ENABLE_OBJC_ARC = YES;
				CLANG_WARN_BOOL_CONVERSION = YES;
				CLANG_WARN_CONSTANT_CONVERSION = YES;
				CLANG_WARN_DIRECT_OBJC_ISA_USAGE = YES_ERROR;
				CLANG_WARN_EMPTY_BODY = YES;
				CLANG_WARN_ENUM_CONVERSION = YES;
				CLANG_WARN_INT_CONVERSION = YES;
				CLANG_WARN_OBJC_ROOT_CLASS = YES_ERROR;
				CLANG_WARN_UNREACHABLE_CODE = YES;
				CLANG_WARN__DUPLICATE_METHOD_MATCH = YES;
				"CODE_SIGN_IDENTITY[sdk=iphoneos*]" = "iPhone Developer";
				COPY_PHASE_STRIP = NO;
				DEBUG_INFORMATION_FORMAT = dwarf;
				ENABLE_STRICT_OBJC_MSGSEND = YES;
				ENABLE_TESTABILITY = YES;
				GCC_C_LANGUAGE_STANDARD = gnu99;
				GCC_DYNAMIC_NO_PIC = NO;
				GCC_NO_COMMON_BLOCKS = YES;
				GCC_OPTIMIZATION_LEVEL = 0;
				GCC_PREPROCESSOR_DEFINITIONS = (
					"DEBUG=1",
					"$(inherited)",
				);
				GCC_WARN_64_TO_32_BIT_CONVERSION = YES;
				GCC_WARN_ABOUT_RETURN_TYPE = YES_ERROR;
				GCC_WARN_UNDECLARED_SELECTOR = YES;
				GCC_WARN_UNINITIALIZED_AUTOS = YES_AGGRESSIVE;
				GCC_WARN_UNUSED_FUNCTION = YES;
				GCC_WARN_UNUSED_VARIABLE = YES;
				IPHONEOS_DEPLOYMENT_TARGET = 9.3;
				MTL_ENABLE_DEBUG_INFO = YES;
				ONLY_ACTIVE_ARCH = YES;
				SDKROOT = iphoneos;
				TARGETED_DEVICE_FAMILY = "1,2";
			};
			name = Debug;
		};
		4B1B88E21D13974900EBF5A8 /* Release */ = {
			isa = XCBuildConfiguration;
			buildSettings = {
				ALWAYS_SEARCH_USER_PATHS = NO;
				CLANG_ANALYZER_NONNULL = YES;
				CLANG_CXX_LANGUAGE_STANDARD = "gnu++0x";
				CLANG_CXX_LIBRARY = "libc++";
				CLANG_ENABLE_MODULES = YES;
				CLANG_ENABLE_OBJC_ARC = YES;
				CLANG_WARN_BOOL_CONVERSION = YES;
				CLANG_WARN_CONSTANT_CONVERSION = YES;
				CLANG_WARN_DIRECT_OBJC_ISA_USAGE = YES_ERROR;
				CLANG_WARN_EMPTY_BODY = YES;
				CLANG_WARN_ENUM_CONVERSION = YES;
				CLANG_WARN_INT_CONVERSION = YES;
				CLANG_WARN_OBJC_ROOT_CLASS = YES_ERROR;
				CLANG_WARN_UNREACHABLE_CODE = YES;
				CLANG_WARN__DUPLICATE_METHOD_MATCH = YES;
				"CODE_SIGN_IDENTITY[sdk=iphoneos*]" = "iPhone Developer";
				COPY_PHASE_STRIP = NO;
				DEBUG_INFORMATION_FORMAT = "dwarf-with-dsym";
				ENABLE_NS_ASSERTIONS = NO;
				ENABLE_STRICT_OBJC_MSGSEND = YES;
				GCC_C_LANGUAGE_STANDARD = gnu99;
				GCC_NO_COMMON_BLOCKS = YES;
				GCC_WARN_64_TO_32_BIT_CONVERSION = YES;
				GCC_WARN_ABOUT_RETURN_TYPE = YES_ERROR;
				GCC_WARN_UNDECLARED_SELECTOR = YES;
				GCC_WARN_UNINITIALIZED_AUTOS = YES_AGGRESSIVE;
				GCC_WARN_UNUSED_FUNCTION = YES;
				GCC_WARN_UNUSED_VARIABLE = YES;
				IPHONEOS_DEPLOYMENT_TARGET = 9.3;
				MTL_ENABLE_DEBUG_INFO = NO;
				SDKROOT = iphoneos;
				TARGETED_DEVICE_FAMILY = "1,2";
				VALIDATE_PRODUCT = YES;
			};
			name = Release;
		};
		4B1B88E41D13974900EBF5A8 /* Debug */ = {
			isa = XCBuildConfiguration;
			buildSettings = {
				ASSETCATALOG_COMPILER_APPICON_NAME = AppIcon;
				CODE_SIGN_IDENTITY = "iPhone Developer";
				INFOPLIST_FILE = "Documents-C11/Info.plist";
				IPHONEOS_DEPLOYMENT_TARGET = 8.0;
				LD_RUNPATH_SEARCH_PATHS = "$(inherited) @executable_path/Frameworks";
				PRODUCT_BUNDLE_IDENTIFIER = "com.ZhangBaoGuo.Documents-C11";
				PRODUCT_NAME = "$(TARGET_NAME)";
			};
			name = Debug;
		};
		4B1B88E51D13974900EBF5A8 /* Release */ = {
			isa = XCBuildConfiguration;
			buildSettings = {
				ASSETCATALOG_COMPILER_APPICON_NAME = AppIcon;
				CODE_SIGN_IDENTITY = "iPhone Developer";
				INFOPLIST_FILE = "Documents-C11/Info.plist";
				IPHONEOS_DEPLOYMENT_TARGET = 8.0;
				LD_RUNPATH_SEARCH_PATHS = "$(inherited) @executable_path/Frameworks";
				PRODUCT_BUNDLE_IDENTIFIER = "com.ZhangBaoGuo.Documents-C11";
				PRODUCT_NAME = "$(TARGET_NAME)";
			};
			name = Release;
		};
/* End XCBuildConfiguration section */

/* Begin XCConfigurationList section */
		4B1B88C71D13974900EBF5A8 /* Build configuration list for PBXProject "Documents-C11" */ = {
			isa = XCConfigurationList;
			buildConfigurations = (
				4B1B88E11D13974900EBF5A8 /* Debug */,
				4B1B88E21D13974900EBF5A8 /* Release */,
			);
			defaultConfigurationIsVisible = 0;
			defaultConfigurationName = Release;
		};
		4B1B88E31D13974900EBF5A8 /* Build configuration list for PBXNativeTarget "Documents-C11" */ = {
			isa = XCConfigurationList;
			buildConfigurations = (
				4B1B88E41D13974900EBF5A8 /* Debug */,
				4B1B88E51D13974900EBF5A8 /* Release */,
			);
			defaultConfigurationIsVisible = 0;
			defaultConfigurationName = Release;
		};
/* End XCConfigurationList section */
	};
	rootObject = 4B1B88C41D13974900EBF5A8 /* Project object */;
}
